
Microsoft Visual Studio Solution File, Format Version 12.00
# Visual Studio Version 17
VisualStudioVersion = 17.5.002.0
MinimumVisualStudioVersion = 10.0.40219.1
Project("{9A19103F-16F7-4668-BE54-9A1E7A4F7556}") = "ProjetoDotnet_API", "ProjetoDotnet_API.csproj", "{F61DF0E0-DD2B-4C7E-86E2-084EA640CD3E}"
EndProject
Global
	GlobalSection(SolutionConfigurationPlatforms) = preSolution
		Debug|Any CPU = Debug|Any CPU
		Release|Any CPU = Release|Any CPU
	EndGlobalSection
	GlobalSection(ProjectConfigurationPlatforms) = postSolution
		{F61DF0E0-DD2B-4C7E-86E2-084EA640CD3E}.Debug|Any CPU.ActiveCfg = Debug|Any CPU
		{F61DF0E0-DD2B-4C7E-86E2-084EA640CD3E}.Debug|Any CPU.Build.0 = Debug|Any CPU
		{F61DF0E0-DD2B-4C7E-86E2-084EA640CD3E}.Release|Any CPU.ActiveCfg = Release|Any CPU
		{F61DF0E0-DD2B-4C7E-86E2-084EA640CD3E}.Release|Any CPU.Build.0 = Release|Any CPU
	EndGlobalSection
	GlobalSection(SolutionProperties) = preSolution
		HideSolutionNode = FALSE
	EndGlobalSection
	GlobalSection(ExtensibilityGlobals) = postSolution
		SolutionGuid = {BA3C63E2-9404-4EAF-B884-1B00BBF981F1}
	EndGlobalSection
EndGlobal
